// !$*UTF8*$!
{
	archiveVersion = 1;
	classes = {
	};
	objectVersion = 56;
	objects = {

/* Begin PBXBuildFile section */
		9F0B411921F807CF00DD9333 /* RemoveDuplicates.swift in Sources */ = {isa = PBXBuildFile; fileRef = 9F0B411821F807CF00DD9333 /* RemoveDuplicates.swift */; };
		9F0B411B21F8122F00DD9333 /* MaxSubArray.swift in Sources */ = {isa = PBXBuildFile; fileRef = 9F0B411A21F8122F00DD9333 /* MaxSubArray.swift */; };
		9F0B411D21F98AF400DD9333 /* MaximumDepthOfBinaryTree.swift in Sources */ = {isa = PBXBuildFile; fileRef = 9F0B411C21F98AF400DD9333 /* MaximumDepthOfBinaryTree.swift */; };
		9F0B412321FAF40200DD9333 /* BestTimeToBuyAndSellStock.swift in Sources */ = {isa = PBXBuildFile; fileRef = 9F0B412221FAF40200DD9333 /* BestTimeToBuyAndSellStock.swift */; };
		9F3C0BEF21EDBE9400CB426A /* LongestCommonPrefix.swift in Sources */ = {isa = PBXBuildFile; fileRef = 9F3C0BEE21EDBE9400CB426A /* LongestCommonPrefix.swift */; };
		9F5B50D9217DD8BE006D0E8D /* main.swift in Sources */ = {isa = PBXBuildFile; fileRef = 9F5B50D8217DD8BE006D0E8D /* main.swift */; };
		9F5B50E0217DD8F3006D0E8D /* TwoNumSum.swift in Sources */ = {isa = PBXBuildFile; fileRef = 9F5B50DF217DD8F3006D0E8D /* TwoNumSum.swift */; };
		9F5B50E2217EEEC8006D0E8D /* AddTwoNumbers.swift in Sources */ = {isa = PBXBuildFile; fileRef = 9F5B50E1217EEEC8006D0E8D /* AddTwoNumbers.swift */; };
		9F5B510321815A98006D0E8D /* ReverseInteger.swift in Sources */ = {isa = PBXBuildFile; fileRef = 9F5B510221815A98006D0E8D /* ReverseInteger.swift */; };
		9F994F0821F6C34900D286BE /* ValidParentheses.swift in Sources */ = {isa = PBXBuildFile; fileRef = 9F994F0721F6C34900D286BE /* ValidParentheses.swift */; };
		9FF080D82182B3AD0083FA3C /* PalindromicNumber.swift in Sources */ = {isa = PBXBuildFile; fileRef = 9FF080D72182B3AD0083FA3C /* PalindromicNumber.swift */; };
/* End PBXBuildFile section */

/* Begin PBXCopyFilesBuildPhase section */
		9F5B50D3217DD8BE006D0E8D /* CopyFiles */ = {
			isa = PBXCopyFilesBuildPhase;
			buildActionMask = 2147483647;
			dstPath = /usr/share/man/man1/;
			dstSubfolderSpec = 0;
			files = (
			);
			runOnlyForDeploymentPostprocessing = 1;
		};
/* End PBXCopyFilesBuildPhase section */

/* Begin PBXFileReference section */
		9F0B411821F807CF00DD9333 /* RemoveDuplicates.swift */ = {isa = PBXFileReference; lastKnownFileType = sourcecode.swift; path = RemoveDuplicates.swift; sourceTree = "<group>"; };
		9F0B411A21F8122F00DD9333 /* MaxSubArray.swift */ = {isa = PBXFileReference; lastKnownFileType = sourcecode.swift; path = MaxSubArray.swift; sourceTree = "<group>"; };
		9F0B411C21F98AF400DD9333 /* MaximumDepthOfBinaryTree.swift */ = {isa = PBXFileReference; lastKnownFileType = sourcecode.swift; path = MaximumDepthOfBinaryTree.swift; sourceTree = "<group>"; };
		9F0B412221FAF40200DD9333 /* BestTimeToBuyAndSellStock.swift */ = {isa = PBXFileReference; lastKnownFileType = sourcecode.swift; path = BestTimeToBuyAndSellStock.swift; sourceTree = "<group>"; };
		9F3C0BEE21EDBE9400CB426A /* LongestCommonPrefix.swift */ = {isa = PBXFileReference; lastKnownFileType = sourcecode.swift; path = LongestCommonPrefix.swift; sourceTree = "<group>"; };
		9F5B50D5217DD8BE006D0E8D /* Algo */ = {isa = PBXFileReference; explicitFileType = "compiled.mach-o.executable"; includeInIndex = 0; path = Algo; sourceTree = BUILT_PRODUCTS_DIR; };
		9F5B50D8217DD8BE006D0E8D /* main.swift */ = {isa = PBXFileReference; lastKnownFileType = sourcecode.swift; path = main.swift; sourceTree = "<group>"; };
		9F5B50DF217DD8F3006D0E8D /* TwoNumSum.swift */ = {isa = PBXFileReference; lastKnownFileType = sourcecode.swift; path = TwoNumSum.swift; sourceTree = "<group>"; };
		9F5B50E1217EEEC8006D0E8D /* AddTwoNumbers.swift */ = {isa = PBXFileReference; lastKnownFileType = sourcecode.swift; path = AddTwoNumbers.swift; sourceTree = "<group>"; };
		9F5B510221815A98006D0E8D /* ReverseInteger.swift */ = {isa = PBXFileReference; lastKnownFileType = sourcecode.swift; path = ReverseInteger.swift; sourceTree = "<group>"; };
		9F994F0721F6C34900D286BE /* ValidParentheses.swift */ = {isa = PBXFileReference; lastKnownFileType = sourcecode.swift; path = ValidParentheses.swift; sourceTree = "<group>"; };
		9FF080D72182B3AD0083FA3C /* PalindromicNumber.swift */ = {isa = PBXFileReference; lastKnownFileType = sourcecode.swift; path = PalindromicNumber.swift; sourceTree = "<group>"; };
/* End PBXFileReference section */

/* Begin PBXFrameworksBuildPhase section */
		9F5B50D2217DD8BE006D0E8D /* Frameworks */ = {
			isa = PBXFrameworksBuildPhase;
			buildActionMask = 2147483647;
			files = (
			);
			runOnlyForDeploymentPostprocessing = 0;
		};
/* End PBXFrameworksBuildPhase section */

/* Begin PBXGroup section */
		9F5B50CC217DD8BE006D0E8D = {
			isa = PBXGroup;
			children = (
				9F5B50D7217DD8BE006D0E8D /* Algo */,
				9F5B50D6217DD8BE006D0E8D /* Products */,
			);
			sourceTree = "<group>";
		};
		9F5B50D6217DD8BE006D0E8D /* Products */ = {
			isa = PBXGroup;
			children = (
				9F5B50D5217DD8BE006D0E8D /* Algo */,
			);
			name = Products;
			sourceTree = "<group>";
		};
		9F5B50D7217DD8BE006D0E8D /* Algo */ = {
			isa = PBXGroup;
			children = (
				9F5B50D8217DD8BE006D0E8D /* main.swift */,
				9F5B50E3217EEED1006D0E8D /* Simple */,
			);
			path = Algo;
			sourceTree = "<group>";
		};
		9F5B50E3217EEED1006D0E8D /* Simple */ = {
			isa = PBXGroup;
			children = (
				9F5B50DF217DD8F3006D0E8D /* TwoNumSum.swift */,
				9F5B510221815A98006D0E8D /* ReverseInteger.swift */,
				9F5B50E1217EEEC8006D0E8D /* AddTwoNumbers.swift */,
				9FF080D72182B3AD0083FA3C /* PalindromicNumber.swift */,
				9F3C0BEE21EDBE9400CB426A /* LongestCommonPrefix.swift */,
				9F994F0721F6C34900D286BE /* ValidParentheses.swift */,
				9F0B411821F807CF00DD9333 /* RemoveDuplicates.swift */,
				9F0B411A21F8122F00DD9333 /* MaxSubArray.swift */,
				9F0B411C21F98AF400DD9333 /* MaximumDepthOfBinaryTree.swift */,
				9F0B412221FAF40200DD9333 /* BestTimeToBuyAndSellStock.swift */,
			);
			path = Simple;
			sourceTree = "<group>";
		};
/* End PBXGroup section */

/* Begin PBXNativeTarget section */
		9F5B50D4217DD8BE006D0E8D /* Algo */ = {
			isa = PBXNativeTarget;
			buildConfigurationList = 9F5B50DC217DD8BE006D0E8D /* Build configuration list for PBXNativeTarget "Algo" */;
			buildPhases = (
				9F5B50D1217DD8BE006D0E8D /* Sources */,
				9F5B50D2217DD8BE006D0E8D /* Frameworks */,
				9F5B50D3217DD8BE006D0E8D /* CopyFiles */,
			);
			buildRules = (
			);
			dependencies = (
			);
			name = Algo;
			productName = Algo;
			productReference = 9F5B50D5217DD8BE006D0E8D /* Algo */;
			productType = "com.apple.product-type.tool";
		};
/* End PBXNativeTarget section */

/* Begin PBXProject section */
		9F5B50CD217DD8BE006D0E8D /* Project object */ = {
			isa = PBXProject;
			attributes = {
				LastSwiftUpdateCheck = 0940;
				LastUpgradeCheck = 1410;
				ORGANIZATIONNAME = OrganizationX;
				TargetAttributes = {
					9F5B50D4217DD8BE006D0E8D = {
						CreatedOnToolsVersion = 9.4;
					};
				};
			};
			buildConfigurationList = 9F5B50D0217DD8BE006D0E8D /* Build configuration list for PBXProject "Algo" */;
			compatibilityVersion = "Xcode 14.0";
			developmentRegion = en;
			hasScannedForEncodings = 0;
			knownRegions = (
				en,
				Base,
			);
			mainGroup = 9F5B50CC217DD8BE006D0E8D;
			productRefGroup = 9F5B50D6217DD8BE006D0E8D /* Products */;
			projectDirPath = "";
			projectRoot = "";
			targets = (
				9F5B50D4217DD8BE006D0E8D /* Algo */,
			);
		};
/* End PBXProject section */

/* Begin PBXSourcesBuildPhase section */
		9F5B50D1217DD8BE006D0E8D /* Sources */ = {
			isa = PBXSourcesBuildPhase;
			buildActionMask = 2147483647;
			files = (
				9FF080D82182B3AD0083FA3C /* PalindromicNumber.swift in Sources */,
				9F3C0BEF21EDBE9400CB426A /* LongestCommonPrefix.swift in Sources */,
				9F5B50E2217EEEC8006D0E8D /* AddTwoNumbers.swift in Sources */,
				9F5B510321815A98006D0E8D /* ReverseInteger.swift in Sources */,
				9F5B50D9217DD8BE006D0E8D /* main.swift in Sources */,
				9F0B411921F807CF00DD9333 /* RemoveDuplicates.swift in Sources */,
				9F0B411B21F8122F00DD9333 /* MaxSubArray.swift in Sources */,
				9F5B50E0217DD8F3006D0E8D /* TwoNumSum.swift in Sources */,
				9F0B411D21F98AF400DD9333 /* MaximumDepthOfBinaryTree.swift in Sources */,
				9F994F0821F6C34900D286BE /* ValidParentheses.swift in Sources */,
				9F0B412321FAF40200DD9333 /* BestTimeToBuyAndSellStock.swift in Sources */,
			);
			runOnlyForDeploymentPostprocessing = 0;
		};
/* End PBXSourcesBuildPhase section */

/* Begin XCBuildConfiguration section */
		9F5B50DA217DD8BE006D0E8D /* Debug */ = {
			isa = XCBuildConfiguration;
			buildSettings = {
				ALWAYS_SEARCH_USER_PATHS = NO;
				CLANG_ANALYZER_NONNULL = YES;
				CLANG_ANALYZER_NUMBER_OBJECT_CONVERSION = YES_AGGRESSIVE;
				CLANG_CXX_LANGUAGE_STANDARD = "gnu++14";
				CLANG_CXX_LIBRARY = "libc++";
				CLANG_ENABLE_MODULES = YES;
				CLANG_ENABLE_OBJC_ARC = YES;
				CLANG_ENABLE_OBJC_WEAK = YES;
				CLANG_WARN_BLOCK_CAPTURE_AUTORELEASING = YES;
				CLANG_WARN_BOOL_CONVERSION = YES;
				CLANG_WARN_COMMA = YES;
				CLANG_WARN_CONSTANT_CONVERSION = YES;
				CLANG_WARN_DEPRECATED_OBJC_IMPLEMENTATIONS = YES;
				CLANG_WARN_DIRECT_OBJC_ISA_USAGE = YES_ERROR;
				CLANG_WARN_DOCUMENTATION_COMMENTS = YES;
				CLANG_WARN_EMPTY_BODY = YES;
				CLANG_WARN_ENUM_CONVERSION = YES;
				CLANG_WARN_INFINITE_RECURSION = YES;
				CLANG_WARN_INT_CONVERSION = YES;
				CLANG_WARN_NON_LITERAL_NULL_CONVERSION = YES;
				CLANG_WARN_OBJC_IMPLICIT_RETAIN_SELF = YES;
				CLANG_WARN_OBJC_LITERAL_CONVERSION = YES;
				CLANG_WARN_OBJC_ROOT_CLASS = YES_ERROR;
				CLANG_WARN_QUOTED_INCLUDE_IN_FRAMEWORK_HEADER = YES;
				CLANG_WARN_RANGE_LOOP_ANALYSIS = YES;
				CLANG_WARN_STRICT_PROTOTYPES = YES;
				CLANG_WARN_SUSPICIOUS_MOVE = YES;
				CLANG_WARN_UNGUARDED_AVAILABILITY = YES_AGGRESSIVE;
				CLANG_WARN_UNREACHABLE_CODE = YES;
				CLANG_WARN__DUPLICATE_METHOD_MATCH = YES;
				CODE_SIGN_IDENTITY = "-";
				COPY_PHASE_STRIP = NO;
				DEAD_CODE_STRIPPING = YES;
				DEBUG_INFORMATION_FORMAT = dwarf;
				ENABLE_STRICT_OBJC_MSGSEND = YES;
				ENABLE_TESTABILITY = YES;
				GCC_C_LANGUAGE_STANDARD = gnu11;
				GCC_DYNAMIC_NO_PIC = NO;
				GCC_NO_COMMON_BLOCKS = YES;
				GCC_OPTIMIZATION_LEVEL = 0;
				GCC_PREPROCESSOR_DEFINITIONS = (
					"DEBUG=1",
					"$(inherited)",
				);
				GCC_WARN_64_TO_32_BIT_CONVERSION = YES;
				GCC_WARN_ABOUT_RETURN_TYPE = YES_ERROR;
				GCC_WARN_UNDECLARED_SELECTOR = YES;
				GCC_WARN_UNINITIALIZED_AUTOS = YES_AGGRESSIVE;
				GCC_WARN_UNUSED_FUNCTION = YES;
				GCC_WARN_UNUSED_VARIABLE = YES;
				MACOSX_DEPLOYMENT_TARGET = "$(RECOMMENDED_MACOSX_DEPLOYMENT_TARGET)";
				MTL_ENABLE_DEBUG_INFO = YES;
				ONLY_ACTIVE_ARCH = YES;
				SDKROOT = macosx;
				SWIFT_ACTIVE_COMPILATION_CONDITIONS = DEBUG;
				SWIFT_OPTIMIZATION_LEVEL = "-Onone";
				SWIFT_VERSION = 5.0;
			};
			name = Debug;
		};
		9F5B50DB217DD8BE006D0E8D /* Release */ = {
			isa = XCBuildConfiguration;
			buildSettings = {
				ALWAYS_SEARCH_USER_PATHS = NO;
				CLANG_ANALYZER_NONNULL = YES;
				CLANG_ANALYZER_NUMBER_OBJECT_CONVERSION = YES_AGGRESSIVE;
				CLANG_CXX_LANGUAGE_STANDARD = "gnu++14";
				CLANG_CXX_LIBRARY = "libc++";
				CLANG_ENABLE_MODULES = YES;
				CLANG_ENABLE_OBJC_ARC = YES;
				CLANG_ENABLE_OBJC_WEAK = YES;
				CLANG_WARN_BLOCK_CAPTURE_AUTORELEASING = YES;
				CLANG_WARN_BOOL_CONVERSION = YES;
				CLANG_WARN_COMMA = YES;
				CLANG_WARN_CONSTANT_CONVERSION = YES;
				CLANG_WARN_DEPRECATED_OBJC_IMPLEMENTATIONS = YES;
				CLANG_WARN_DIRECT_OBJC_ISA_USAGE = YES_ERROR;
				CLANG_WARN_DOCUMENTATION_COMMENTS = YES;
				CLANG_WARN_EMPTY_BODY = YES;
				CLANG_WARN_ENUM_CONVERSION = YES;
				CLANG_WARN_INFINITE_RECURSION = YES;
				CLANG_WARN_INT_CONVERSION = YES;
				CLANG_WARN_NON_LITERAL_NULL_CONVERSION = YES;
				CLANG_WARN_OBJC_IMPLICIT_RETAIN_SELF = YES;
				CLANG_WARN_OBJC_LITERAL_CONVERSION = YES;
				CLANG_WARN_OBJC_ROOT_CLASS = YES_ERROR;
				CLANG_WARN_QUOTED_INCLUDE_IN_FRAMEWORK_HEADER = YES;
				CLANG_WARN_RANGE_LOOP_ANALYSIS = YES;
				CLANG_WARN_STRICT_PROTOTYPES = YES;
				CLANG_WARN_SUSPICIOUS_MOVE = YES;
				CLANG_WARN_UNGUARDED_AVAILABILITY = YES_AGGRESSIVE;
				CLANG_WARN_UNREACHABLE_CODE = YES;
				CLANG_WARN__DUPLICATE_METHOD_MATCH = YES;
				CODE_SIGN_IDENTITY = "-";
				COPY_PHASE_STRIP = NO;
				DEAD_CODE_STRIPPING = YES;
				DEBUG_INFORMATION_FORMAT = "dwarf-with-dsym";
				ENABLE_NS_ASSERTIONS = NO;
				ENABLE_STRICT_OBJC_MSGSEND = YES;
				GCC_C_LANGUAGE_STANDARD = gnu11;
				GCC_NO_COMMON_BLOCKS = YES;
				GCC_WARN_64_TO_32_BIT_CONVERSION = YES;
				GCC_WARN_ABOUT_RETURN_TYPE = YES_ERROR;
				GCC_WARN_UNDECLARED_SELECTOR = YES;
				GCC_WARN_UNINITIALIZED_AUTOS = YES_AGGRESSIVE;
				GCC_WARN_UNUSED_FUNCTION = YES;
				GCC_WARN_UNUSED_VARIABLE = YES;
				MACOSX_DEPLOYMENT_TARGET = "$(RECOMMENDED_MACOSX_DEPLOYMENT_TARGET)";
				MTL_ENABLE_DEBUG_INFO = NO;
				SDKROOT = macosx;
				SWIFT_COMPILATION_MODE = wholemodule;
				SWIFT_OPTIMIZATION_LEVEL = "-O";
				SWIFT_VERSION = 5.0;
			};
			name = Release;
		};
		9F5B50DD217DD8BE006D0E8D /* Debug */ = {
			isa = XCBuildConfiguration;
			buildSettings = {
				CODE_SIGN_IDENTITY = "-";
				CODE_SIGN_STYLE = Automatic;
				DEAD_CODE_STRIPPING = YES;
				MACOSX_DEPLOYMENT_TARGET = "$(RECOMMENDED_MACOSX_DEPLOYMENT_TARGET)";
				PRODUCT_NAME = "$(TARGET_NAME)";
				SWIFT_VERSION = 5.0;
			};
			name = Debug;
		};
		9F5B50DE217DD8BE006D0E8D /* Release */ = {
			isa = XCBuildConfiguration;
			buildSettings = {
				CODE_SIGN_IDENTITY = "-";
				CODE_SIGN_STYLE = Automatic;
				DEAD_CODE_STRIPPING = YES;
				MACOSX_DEPLOYMENT_TARGET = "$(RECOMMENDED_MACOSX_DEPLOYMENT_TARGET)";
				PRODUCT_NAME = "$(TARGET_NAME)";
				SWIFT_VERSION = 5.0;
			};
			name = Release;
		};
/* End XCBuildConfiguration section */

/* Begin XCConfigurationList section */
		9F5B50D0217DD8BE006D0E8D /* Build configuration list for PBXProject "Algo" */ = {
			isa = XCConfigurationList;
			buildConfigurations = (
				9F5B50DA217DD8BE006D0E8D /* Debug */,
				9F5B50DB217DD8BE006D0E8D /* Release */,
			);
			defaultConfigurationIsVisible = 0;
			defaultConfigurationName = Release;
		};
		9F5B50DC217DD8BE006D0E8D /* Build configuration list for PBXNativeTarget "Algo" */ = {
			isa = XCConfigurationList;
			buildConfigurations = (
				9F5B50DD217DD8BE006D0E8D /* Debug */,
				9F5B50DE217DD8BE006D0E8D /* Release */,
			);
			defaultConfigurationIsVisible = 0;
			defaultConfigurationName = Release;
		};
/* End XCConfigurationList section */
	};
	rootObject = 9F5B50CD217DD8BE006D0E8D /* Project object */;
}
